
Microsoft Visual Studio Solution File, Format Version 12.00
# Visual Studio Version 17
VisualStudioVersion = 17.7.34031.279
MinimumVisualStudioVersion = 10.0.40219.1
Project("{FAE04EC0-301F-11D3-BF4B-00C04F79EFBC}") = "DependencyInjection", "DependencyInjection\DependencyInjection.csproj", "{5F254A98-0F45-4486-AAAF-7B82324998DB}"
EndProject
Global
	GlobalSection(SolutionConfigurationPlatforms) = preSolution
		Debug|Any CPU = Debug|Any CPU
		Release|Any CPU = Release|Any CPU
	EndGlobalSection
	GlobalSection(ProjectConfigurationPlatforms) = postSolution
		{5F254A98-0F45-4486-AAAF-7B82324998DB}.Debug|Any CPU.ActiveCfg = Debug|Any CPU
		{5F254A98-0F45-4486-AAAF-7B82324998DB}.Debug|Any CPU.Build.0 = Debug|Any CPU
		{5F254A98-0F45-4486-AAAF-7B82324998DB}.Release|Any CPU.ActiveCfg = Release|Any CPU
		{5F254A98-0F45-4486-AAAF-7B82324998DB}.Release|Any CPU.Build.0 = Release|Any CPU
	EndGlobalSection
	GlobalSection(SolutionProperties) = preSolution
		HideSolutionNode = FALSE
	EndGlobalSection
	GlobalSection(ExtensibilityGlobals) = postSolution
		SolutionGuid = {84F65132-D95E-4C77-8BF5-7FFBB3FA08F0}
	EndGlobalSection
EndGlobal
